
Microsoft Visual Studio Solution File, Format Version 12.00
# Visual Studio Version 17
VisualStudioVersion = 17.2.32516.85
MinimumVisualStudioVersion = 10.0.40219.1
Project("{9A19103F-16F7-4668-BE54-9A1E7A4F7556}") = "Rahul.Udemy.Lambda", "Rahul.Udemy.Lambda\Rahul.Udemy.Lambda.csproj", "{FF33EC1D-DF67-479D-9D5D-BACDC2896C0B}"
EndProject
Project("{9A19103F-16F7-4668-BE54-9A1E7A4F7556}") = "Rahul.Udemy.Lambda-Annotations", "Rahul.Udemy.Lambda-Annotations\Rahul.Udemy.Lambda-Annotations.csproj", "{8CA826DA-AE11-4908-8C9A-15519CC2960D}"
EndProject
Project("{9A19103F-16F7-4668-BE54-9A1E7A4F7556}") = "Rahul.Udemy.SQS-Trigger", "Rahul.Udemy.SQS-Trigger\Rahul.Udemy.SQS-Trigger.csproj", "{1E4FD62D-F697-4732-B124-7434B593CF6C}"
EndProject
Project("{9A19103F-16F7-4668-BE54-9A1E7A4F7556}") = "Rahul.Udemy.SNS-Trigger", "Rahul.Udemy.SNS-Trigger\Rahul.Udemy.SNS-Trigger.csproj", "{51ECF3C8-7F97-4C84-A03A-71D382FD58F2}"
EndProject
Project("{9A19103F-16F7-4668-BE54-9A1E7A4F7556}") = "Rahul.Udemy.LifeTimeSample", "Rahul.Udemy.LifeTimeSample\Rahul.Udemy.LifeTimeSample.csproj", "{18C1E426-68C7-4933-8802-6C15BA78841E}"
EndProject
Global
	GlobalSection(SolutionConfigurationPlatforms) = preSolution
		Debug|Any CPU = Debug|Any CPU
		Release|Any CPU = Release|Any CPU
	EndGlobalSection
	GlobalSection(ProjectConfigurationPlatforms) = postSolution
		{FF33EC1D-DF67-479D-9D5D-BACDC2896C0B}.Debug|Any CPU.ActiveCfg = Debug|Any CPU
		{FF33EC1D-DF67-479D-9D5D-BACDC2896C0B}.Debug|Any CPU.Build.0 = Debug|Any CPU
		{FF33EC1D-DF67-479D-9D5D-BACDC2896C0B}.Release|Any CPU.ActiveCfg = Release|Any CPU
		{FF33EC1D-DF67-479D-9D5D-BACDC2896C0B}.Release|Any CPU.Build.0 = Release|Any CPU
		{8CA826DA-AE11-4908-8C9A-15519CC2960D}.Debug|Any CPU.ActiveCfg = Debug|Any CPU
		{8CA826DA-AE11-4908-8C9A-15519CC2960D}.Debug|Any CPU.Build.0 = Debug|Any CPU
		{8CA826DA-AE11-4908-8C9A-15519CC2960D}.Release|Any CPU.ActiveCfg = Release|Any CPU
		{8CA826DA-AE11-4908-8C9A-15519CC2960D}.Release|Any CPU.Build.0 = Release|Any CPU
		{1E4FD62D-F697-4732-B124-7434B593CF6C}.Debug|Any CPU.ActiveCfg = Debug|Any CPU
		{1E4FD62D-F697-4732-B124-7434B593CF6C}.Debug|Any CPU.Build.0 = Debug|Any CPU
		{1E4FD62D-F697-4732-B124-7434B593CF6C}.Release|Any CPU.ActiveCfg = Release|Any CPU
		{1E4FD62D-F697-4732-B124-7434B593CF6C}.Release|Any CPU.Build.0 = Release|Any CPU
		{51ECF3C8-7F97-4C84-A03A-71D382FD58F2}.Debug|Any CPU.ActiveCfg = Debug|Any CPU
		{51ECF3C8-7F97-4C84-A03A-71D382FD58F2}.Debug|Any CPU.Build.0 = Debug|Any CPU
		{51ECF3C8-7F97-4C84-A03A-71D382FD58F2}.Release|Any CPU.ActiveCfg = Release|Any CPU
		{51ECF3C8-7F97-4C84-A03A-71D382FD58F2}.Release|Any CPU.Build.0 = Release|Any CPU
		{18C1E426-68C7-4933-8802-6C15BA78841E}.Debug|Any CPU.ActiveCfg = Debug|Any CPU
		{18C1E426-68C7-4933-8802-6C15BA78841E}.Debug|Any CPU.Build.0 = Debug|Any CPU
		{18C1E426-68C7-4933-8802-6C15BA78841E}.Release|Any CPU.ActiveCfg = Release|Any CPU
		{18C1E426-68C7-4933-8802-6C15BA78841E}.Release|Any CPU.Build.0 = Release|Any CPU
	EndGlobalSection
	GlobalSection(SolutionProperties) = preSolution
		HideSolutionNode = FALSE
	EndGlobalSection
	GlobalSection(ExtensibilityGlobals) = postSolution
		SolutionGuid = {22CBA9B4-3ADA-4292-90D0-D3C33826F589}
	EndGlobalSection
EndGlobal
